
Microsoft Visual Studio Solution File, Format Version 12.00
# Visual Studio Version 17
VisualStudioVersion = 17.11.35312.102
MinimumVisualStudioVersion = 10.0.40219.1
Project("{FAE04EC0-301F-11D3-BF4B-00C04F79EFBC}") = "ApexVisualizerFunctions", "ApexVisualizerFunctions\ApexVisualizerFunctions.csproj", "{58D979C2-0BBC-4C25-A392-88AFA0A6269B}"
EndProject
Global
	GlobalSection(SolutionConfigurationPlatforms) = preSolution
		Debug|Any CPU = Debug|Any CPU
		Release|Any CPU = Release|Any CPU
	EndGlobalSection
	GlobalSection(ProjectConfigurationPlatforms) = postSolution
		{58D979C2-0BBC-4C25-A392-88AFA0A6269B}.Debug|Any CPU.ActiveCfg = Debug|Any CPU
		{58D979C2-0BBC-4C25-A392-88AFA0A6269B}.Debug|Any CPU.Build.0 = Debug|Any CPU
		{58D979C2-0BBC-4C25-A392-88AFA0A6269B}.Release|Any CPU.ActiveCfg = Release|Any CPU
		{58D979C2-0BBC-4C25-A392-88AFA0A6269B}.Release|Any CPU.Build.0 = Release|Any CPU
	EndGlobalSection
	GlobalSection(SolutionProperties) = preSolution
		HideSolutionNode = FALSE
	EndGlobalSection
	GlobalSection(ExtensibilityGlobals) = postSolution
		SolutionGuid = {B7920547-67BE-4420-8654-68970C802862}
	EndGlobalSection
EndGlobal
